
Microsoft Visual Studio Solution File, Format Version 12.00
# Visual Studio 15
VisualStudioVersion = 15.0.27130.2010
MinimumVisualStudioVersion = 10.0.40219.1
Project("{FAE04EC0-301F-11D3-BF4B-00C04F79EFBC}") = "ASD.RSC", "ASD.RSC\ASD.RSC.csproj", "{143DD2D8-863D-4CE3-9D96-BC491F52CCF5}"
EndProject
Global
	GlobalSection(SolutionConfigurationPlatforms) = preSolution
		Debug|Any CPU = Debug|Any CPU
		Release|Any CPU = Release|Any CPU
	EndGlobalSection
	GlobalSection(ProjectConfigurationPlatforms) = postSolution
		{143DD2D8-863D-4CE3-9D96-BC491F52CCF5}.Debug|Any CPU.ActiveCfg = Debug|Any CPU
		{143DD2D8-863D-4CE3-9D96-BC491F52CCF5}.Debug|Any CPU.Build.0 = Debug|Any CPU
		{143DD2D8-863D-4CE3-9D96-BC491F52CCF5}.Release|Any CPU.ActiveCfg = Release|Any CPU
		{143DD2D8-863D-4CE3-9D96-BC491F52CCF5}.Release|Any CPU.Build.0 = Release|Any CPU
	EndGlobalSection
	GlobalSection(SolutionProperties) = preSolution
		HideSolutionNode = FALSE
	EndGlobalSection
	GlobalSection(ExtensibilityGlobals) = postSolution
		SolutionGuid = {8FC394CC-40B1-401D-9B84-EFB54054EDE2}
	EndGlobalSection
EndGlobal
